
Microsoft Visual Studio Solution File, Format Version 11.00
# Visual Studio 2010
Project("{FAE04EC0-301F-11D3-BF4B-00C04F79EFBC}") = "Kanbada", "Kanbada.csproj", "{BEA0E65F-5CEB-4335-9ACD-F50C6CF88164}"
EndProject
Global
	GlobalSection(SolutionConfigurationPlatforms) = preSolution
		Debug|x86 = Debug|x86
		Release|x86 = Release|x86
	EndGlobalSection
	GlobalSection(ProjectConfigurationPlatforms) = postSolution
		{BEA0E65F-5CEB-4335-9ACD-F50C6CF88164}.Debug|x86.ActiveCfg = Debug|x86
		{BEA0E65F-5CEB-4335-9ACD-F50C6CF88164}.Debug|x86.Build.0 = Debug|x86
		{BEA0E65F-5CEB-4335-9ACD-F50C6CF88164}.Release|x86.ActiveCfg = Release|x86
		{BEA0E65F-5CEB-4335-9ACD-F50C6CF88164}.Release|x86.Build.0 = Release|x86
	EndGlobalSection
	GlobalSection(SolutionProperties) = preSolution
		HideSolutionNode = FALSE
	EndGlobalSection
EndGlobal
